
Microsoft Visual Studio Solution File, Format Version 12.00
# Visual Studio Version 17
VisualStudioVersion = 17.10.35004.147
MinimumVisualStudioVersion = 10.0.40219.1
Project("{FAE04EC0-301F-11D3-BF4B-00C04F79EFBC}") = "ECommerce", "ECommerce\ECommerce.csproj", "{EFC6F83C-D7CB-4EED-9877-2A84BB01937E}"
EndProject
Project("{FAE04EC0-301F-11D3-BF4B-00C04F79EFBC}") = "ECommerce.EF", "ECommerce.EF\ECommerce.EF.csproj", "{0947CD82-C302-4ED1-8B2A-B07E0F3801F9}"
EndProject
Project("{FAE04EC0-301F-11D3-BF4B-00C04F79EFBC}") = "ECommerce.Model", "ECommerce.Model\ECommerce.Model.csproj", "{C0118683-8421-4879-ACA0-073A71FDDFBD}"
EndProject
Global
	GlobalSection(SolutionConfigurationPlatforms) = preSolution
		Debug|Any CPU = Debug|Any CPU
		Release|Any CPU = Release|Any CPU
	EndGlobalSection
	GlobalSection(ProjectConfigurationPlatforms) = postSolution
		{EFC6F83C-D7CB-4EED-9877-2A84BB01937E}.Debug|Any CPU.ActiveCfg = Debug|Any CPU
		{EFC6F83C-D7CB-4EED-9877-2A84BB01937E}.Debug|Any CPU.Build.0 = Debug|Any CPU
		{EFC6F83C-D7CB-4EED-9877-2A84BB01937E}.Release|Any CPU.ActiveCfg = Release|Any CPU
		{EFC6F83C-D7CB-4EED-9877-2A84BB01937E}.Release|Any CPU.Build.0 = Release|Any CPU
		{0947CD82-C302-4ED1-8B2A-B07E0F3801F9}.Debug|Any CPU.ActiveCfg = Debug|Any CPU
		{0947CD82-C302-4ED1-8B2A-B07E0F3801F9}.Debug|Any CPU.Build.0 = Debug|Any CPU
		{0947CD82-C302-4ED1-8B2A-B07E0F3801F9}.Release|Any CPU.ActiveCfg = Release|Any CPU
		{0947CD82-C302-4ED1-8B2A-B07E0F3801F9}.Release|Any CPU.Build.0 = Release|Any CPU
		{C0118683-8421-4879-ACA0-073A71FDDFBD}.Debug|Any CPU.ActiveCfg = Debug|Any CPU
		{C0118683-8421-4879-ACA0-073A71FDDFBD}.Debug|Any CPU.Build.0 = Debug|Any CPU
		{C0118683-8421-4879-ACA0-073A71FDDFBD}.Release|Any CPU.ActiveCfg = Release|Any CPU
		{C0118683-8421-4879-ACA0-073A71FDDFBD}.Release|Any CPU.Build.0 = Release|Any CPU
	EndGlobalSection
	GlobalSection(SolutionProperties) = preSolution
		HideSolutionNode = FALSE
	EndGlobalSection
	GlobalSection(ExtensibilityGlobals) = postSolution
		SolutionGuid = {114D78FB-2CCE-41B2-8AA9-5CCA85B94903}
	EndGlobalSection
EndGlobal
